// !$*UTF8*$!
{
	archiveVersion = 1;
	classes = {
	};
	objectVersion = 46;
	objects = {

/* Begin PBXBuildFile section */
		0A0565561F7363C1006570B4 /* FlowerTableViewController.swift in Sources */ = {isa = PBXBuildFile; fileRef = 0A0565551F7363C1006570B4 /* FlowerTableViewController.swift */; };
		0A0BE26E1F7361E9005AFCC5 /* AppDelegate.swift in Sources */ = {isa = PBXBuildFile; fileRef = 0A0BE26D1F7361E9005AFCC5 /* AppDelegate.swift */; };
		0A0BE2731F7361EA005AFCC5 /* Main.storyboard in Resources */ = {isa = PBXBuildFile; fileRef = 0A0BE2711F7361EA005AFCC5 /* Main.storyboard */; };
		0A0BE2751F7361EA005AFCC5 /* Assets.xcassets in Resources */ = {isa = PBXBuildFile; fileRef = 0A0BE2741F7361EA005AFCC5 /* Assets.xcassets */; };
		0A0BE2781F7361EA005AFCC5 /* LaunchScreen.storyboard in Resources */ = {isa = PBXBuildFile; fileRef = 0A0BE2761F7361EA005AFCC5 /* LaunchScreen.storyboard */; };
		0A0BE2801F736283005AFCC5 /* Flower_pics in Resources */ = {isa = PBXBuildFile; fileRef = 0A0BE27F1F736283005AFCC5 /* Flower_pics */; };
/* End PBXBuildFile section */

/* Begin PBXFileReference section */
		0A0565551F7363C1006570B4 /* FlowerTableViewController.swift */ = {isa = PBXFileReference; fileEncoding = 4; lastKnownFileType = sourcecode.swift; path = FlowerTableViewController.swift; sourceTree = "<group>"; };
		0A0BE26A1F7361E9005AFCC5 /* flowerTable.app */ = {isa = PBXFileReference; explicitFileType = wrapper.application; includeInIndex = 0; path = flowerTable.app; sourceTree = BUILT_PRODUCTS_DIR; };
		0A0BE26D1F7361E9005AFCC5 /* AppDelegate.swift */ = {isa = PBXFileReference; lastKnownFileType = sourcecode.swift; path = AppDelegate.swift; sourceTree = "<group>"; };
		0A0BE2721F7361EA005AFCC5 /* Base */ = {isa = PBXFileReference; lastKnownFileType = file.storyboard; name = Base; path = Base.lproj/Main.storyboard; sourceTree = "<group>"; };
		0A0BE2741F7361EA005AFCC5 /* Assets.xcassets */ = {isa = PBXFileReference; lastKnownFileType = folder.assetcatalog; path = Assets.xcassets; sourceTree = "<group>"; };
		0A0BE2771F7361EA005AFCC5 /* Base */ = {isa = PBXFileReference; lastKnownFileType = file.storyboard; name = Base; path = Base.lproj/LaunchScreen.storyboard; sourceTree = "<group>"; };
		0A0BE2791F7361EA005AFCC5 /* Info.plist */ = {isa = PBXFileReference; lastKnownFileType = text.plist.xml; path = Info.plist; sourceTree = "<group>"; };
		0A0BE27F1F736283005AFCC5 /* Flower_pics */ = {isa = PBXFileReference; lastKnownFileType = folder; name = Flower_pics; path = flowerTable.xcodeproj/Flower_pics; sourceTree = "<group>"; };
/* End PBXFileReference section */

/* Begin PBXFrameworksBuildPhase section */
		0A0BE2671F7361E9005AFCC5 /* Frameworks */ = {
			isa = PBXFrameworksBuildPhase;
			buildActionMask = 2147483647;
			files = (
			);
			runOnlyForDeploymentPostprocessing = 0;
		};
/* End PBXFrameworksBuildPhase section */

/* Begin PBXGroup section */
		0A0BE2611F7361E9005AFCC5 = {
			isa = PBXGroup;
			children = (
				0A0BE27F1F736283005AFCC5 /* Flower_pics */,
				0A0BE26C1F7361E9005AFCC5 /* flowerTable */,
				0A0BE26B1F7361E9005AFCC5 /* Products */,
			);
			sourceTree = "<group>";
		};
		0A0BE26B1F7361E9005AFCC5 /* Products */ = {
			isa = PBXGroup;
			children = (
				0A0BE26A1F7361E9005AFCC5 /* flowerTable.app */,
			);
			name = Products;
			sourceTree = "<group>";
		};
		0A0BE26C1F7361E9005AFCC5 /* flowerTable */ = {
			isa = PBXGroup;
			children = (
				0A0BE26D1F7361E9005AFCC5 /* AppDelegate.swift */,
				0A0BE2711F7361EA005AFCC5 /* Main.storyboard */,
				0A0BE2741F7361EA005AFCC5 /* Assets.xcassets */,
				0A0BE2761F7361EA005AFCC5 /* LaunchScreen.storyboard */,
				0A0BE2791F7361EA005AFCC5 /* Info.plist */,
				0A0565551F7363C1006570B4 /* FlowerTableViewController.swift */,
			);
			path = flowerTable;
			sourceTree = "<group>";
		};
/* End PBXGroup section */

/* Begin PBXNativeTarget section */
		0A0BE2691F7361E9005AFCC5 /* flowerTable */ = {
			isa = PBXNativeTarget;
			buildConfigurationList = 0A0BE27C1F7361EA005AFCC5 /* Build configuration list for PBXNativeTarget "flowerTable" */;
			buildPhases = (
				0A0BE2661F7361E9005AFCC5 /* Sources */,
				0A0BE2671F7361E9005AFCC5 /* Frameworks */,
				0A0BE2681F7361E9005AFCC5 /* Resources */,
			);
			buildRules = (
			);
			dependencies = (
			);
			name = flowerTable;
			productName = flowerTable;
			productReference = 0A0BE26A1F7361E9005AFCC5 /* flowerTable.app */;
			productType = "com.apple.product-type.application";
		};
/* End PBXNativeTarget section */

/* Begin PBXProject section */
		0A0BE2621F7361E9005AFCC5 /* Project object */ = {
			isa = PBXProject;
			attributes = {
				LastSwiftUpdateCheck = 0830;
				LastUpgradeCheck = 0830;
				ORGANIZATIONNAME = 6272;
				TargetAttributes = {
					0A0BE2691F7361E9005AFCC5 = {
						CreatedOnToolsVersion = 8.3.3;
						ProvisioningStyle = Automatic;
					};
				};
			};
			buildConfigurationList = 0A0BE2651F7361E9005AFCC5 /* Build configuration list for PBXProject "flowerTable" */;
			compatibilityVersion = "Xcode 3.2";
			developmentRegion = English;
			hasScannedForEncodings = 0;
			knownRegions = (
				en,
				Base,
			);
			mainGroup = 0A0BE2611F7361E9005AFCC5;
			productRefGroup = 0A0BE26B1F7361E9005AFCC5 /* Products */;
			projectDirPath = "";
			projectRoot = "";
			targets = (
				0A0BE2691F7361E9005AFCC5 /* flowerTable */,
			);
		};
/* End PBXProject section */

/* Begin PBXResourcesBuildPhase section */
		0A0BE2681F7361E9005AFCC5 /* Resources */ = {
			isa = PBXResourcesBuildPhase;
			buildActionMask = 2147483647;
			files = (
				0A0BE2801F736283005AFCC5 /* Flower_pics in Resources */,
				0A0BE2781F7361EA005AFCC5 /* LaunchScreen.storyboard in Resources */,
				0A0BE2751F7361EA005AFCC5 /* Assets.xcassets in Resources */,
				0A0BE2731F7361EA005AFCC5 /* Main.storyboard in Resources */,
			);
			runOnlyForDeploymentPostprocessing = 0;
		};
/* End PBXResourcesBuildPhase section */

/* Begin PBXSourcesBuildPhase section */
		0A0BE2661F7361E9005AFCC5 /* Sources */ = {
			isa = PBXSourcesBuildPhase;
			buildActionMask = 2147483647;
			files = (
				0A0565561F7363C1006570B4 /* FlowerTableViewController.swift in Sources */,
				0A0BE26E1F7361E9005AFCC5 /* AppDelegate.swift in Sources */,
			);
			runOnlyForDeploymentPostprocessing = 0;
		};
/* End PBXSourcesBuildPhase section */

/* Begin PBXVariantGroup section */
		0A0BE2711F7361EA005AFCC5 /* Main.storyboard */ = {
			isa = PBXVariantGroup;
			children = (
				0A0BE2721F7361EA005AFCC5 /* Base */,
			);
			name = Main.storyboard;
			sourceTree = "<group>";
		};
		0A0BE2761F7361EA005AFCC5 /* LaunchScreen.storyboard */ = {
			isa = PBXVariantGroup;
			children = (
				0A0BE2771F7361EA005AFCC5 /* Base */,
			);
			name = LaunchScreen.storyboard;
			sourceTree = "<group>";
		};
/* End PBXVariantGroup section */

/* Begin XCBuildConfiguration section */
		0A0BE27A1F7361EA005AFCC5 /* Debug */ = {
			isa = XCBuildConfiguration;
			buildSettings = {
				ALWAYS_SEARCH_USER_PATHS = NO;
				CLANG_ANALYZER_NONNULL = YES;
				CLANG_ANALYZER_NUMBER_OBJECT_CONVERSION = YES_AGGRESSIVE;
				CLANG_CXX_LANGUAGE_STANDARD = "gnu++0x";
				CLANG_CXX_LIBRARY = "libc++";
				CLANG_ENABLE_MODULES = YES;
				CLANG_ENABLE_OBJC_ARC = YES;
				CLANG_WARN_BOOL_CONVERSION = YES;
				CLANG_WARN_CONSTANT_CONVERSION = YES;
				CLANG_WARN_DIRECT_OBJC_ISA_USAGE = YES_ERROR;
				CLANG_WARN_DOCUMENTATION_COMMENTS = YES;
				CLANG_WARN_EMPTY_BODY = YES;
				CLANG_WARN_ENUM_CONVERSION = YES;
				CLANG_WARN_INFINITE_RECURSION = YES;
				CLANG_WARN_INT_CONVERSION = YES;
				CLANG_WARN_OBJC_ROOT_CLASS = YES_ERROR;
				CLANG_WARN_SUSPICIOUS_MOVE = YES;
				CLANG_WARN_UNREACHABLE_CODE = YES;
				CLANG_WARN__DUPLICATE_METHOD_MATCH = YES;
				"CODE_SIGN_IDENTITY[sdk=iphoneos*]" = "iPhone Developer";
				COPY_PHASE_STRIP = NO;
				DEBUG_INFORMATION_FORMAT = dwarf;
				ENABLE_STRICT_OBJC_MSGSEND = YES;
				ENABLE_TESTABILITY = YES;
				GCC_C_LANGUAGE_STANDARD = gnu99;
				GCC_DYNAMIC_NO_PIC = NO;
				GCC_NO_COMMON_BLOCKS = YES;
				GCC_OPTIMIZATION_LEVEL = 0;
				GCC_PREPROCESSOR_DEFINITIONS = (
					"DEBUG=1",
					"$(inherited)",
				);
				GCC_WARN_64_TO_32_BIT_CONVERSION = YES;
				GCC_WARN_ABOUT_RETURN_TYPE = YES_ERROR;
				GCC_WARN_UNDECLARED_SELECTOR = YES;
				GCC_WARN_UNINITIALIZED_AUTOS = YES_AGGRESSIVE;
				GCC_WARN_UNUSED_FUNCTION = YES;
				GCC_WARN_UNUSED_VARIABLE = YES;
				IPHONEOS_DEPLOYMENT_TARGET = 10.3;
				MTL_ENABLE_DEBUG_INFO = YES;
				ONLY_ACTIVE_ARCH = YES;
				SDKROOT = iphoneos;
				SWIFT_ACTIVE_COMPILATION_CONDITIONS = DEBUG;
				SWIFT_OPTIMIZATION_LEVEL = "-Onone";
				TARGETED_DEVICE_FAMILY = "1,2";
			};
			name = Debug;
		};
		0A0BE27B1F7361EA005AFCC5 /* Release */ = {
			isa = XCBuildConfiguration;
			buildSettings = {
				ALWAYS_SEARCH_USER_PATHS = NO;
				CLANG_ANALYZER_NONNULL = YES;
				CLANG_ANALYZER_NUMBER_OBJECT_CONVERSION = YES_AGGRESSIVE;
				CLANG_CXX_LANGUAGE_STANDARD = "gnu++0x";
				CLANG_CXX_LIBRARY = "libc++";
				CLANG_ENABLE_MODULES = YES;
				CLANG_ENABLE_OBJC_ARC = YES;
				CLANG_WARN_BOOL_CONVERSION = YES;
				CLANG_WARN_CONSTANT_CONVERSION = YES;
				CLANG_WARN_DIRECT_OBJC_ISA_USAGE = YES_ERROR;
				CLANG_WARN_DOCUMENTATION_COMMENTS = YES;
				CLANG_WARN_EMPTY_BODY = YES;
				CLANG_WARN_ENUM_CONVERSION = YES;
				CLANG_WARN_INFINITE_RECURSION = YES;
				CLANG_WARN_INT_CONVERSION = YES;
				CLANG_WARN_OBJC_ROOT_CLASS = YES_ERROR;
				CLANG_WARN_SUSPICIOUS_MOVE = YES;
				CLANG_WARN_UNREACHABLE_CODE = YES;
				CLANG_WARN__DUPLICATE_METHOD_MATCH = YES;
				"CODE_SIGN_IDENTITY[sdk=iphoneos*]" = "iPhone Developer";
				COPY_PHASE_STRIP = NO;
				DEBUG_INFORMATION_FORMAT = "dwarf-with-dsym";
				ENABLE_NS_ASSERTIONS = NO;
				ENABLE_STRICT_OBJC_MSGSEND = YES;
				GCC_C_LANGUAGE_STANDARD = gnu99;
				GCC_NO_COMMON_BLOCKS = YES;
				GCC_WARN_64_TO_32_BIT_CONVERSION = YES;
				GCC_WARN_ABOUT_RETURN_TYPE = YES_ERROR;
				GCC_WARN_UNDECLARED_SELECTOR = YES;
				GCC_WARN_UNINITIALIZED_AUTOS = YES_AGGRESSIVE;
				GCC_WARN_UNUSED_FUNCTION = YES;
				GCC_WARN_UNUSED_VARIABLE = YES;
				IPHONEOS_DEPLOYMENT_TARGET = 10.3;
				MTL_ENABLE_DEBUG_INFO = NO;
				SDKROOT = iphoneos;
				SWIFT_OPTIMIZATION_LEVEL = "-Owholemodule";
				TARGETED_DEVICE_FAMILY = "1,2";
				VALIDATE_PRODUCT = YES;
			};
			name = Release;
		};
		0A0BE27D1F7361EA005AFCC5 /* Debug */ = {
			isa = XCBuildConfiguration;
			buildSettings = {
				ASSETCATALOG_COMPILER_APPICON_NAME = AppIcon;
				INFOPLIST_FILE = flowerTable/Info.plist;
				LD_RUNPATH_SEARCH_PATHS = "$(inherited) @executable_path/Frameworks";
				PRODUCT_BUNDLE_IDENTIFIER = com.egco428.flowerTable;
				PRODUCT_NAME = "$(TARGET_NAME)";
				SWIFT_VERSION = 3.0;
			};
			name = Debug;
		};
		0A0BE27E1F7361EA005AFCC5 /* Release */ = {
			isa = XCBuildConfiguration;
			buildSettings = {
				ASSETCATALOG_COMPILER_APPICON_NAME = AppIcon;
				INFOPLIST_FILE = flowerTable/Info.plist;
				LD_RUNPATH_SEARCH_PATHS = "$(inherited) @executable_path/Frameworks";
				PRODUCT_BUNDLE_IDENTIFIER = com.egco428.flowerTable;
				PRODUCT_NAME = "$(TARGET_NAME)";
				SWIFT_VERSION = 3.0;
			};
			name = Release;
		};
/* End XCBuildConfiguration section */

/* Begin XCConfigurationList section */
		0A0BE2651F7361E9005AFCC5 /* Build configuration list for PBXProject "flowerTable" */ = {
			isa = XCConfigurationList;
			buildConfigurations = (
				0A0BE27A1F7361EA005AFCC5 /* Debug */,
				0A0BE27B1F7361EA005AFCC5 /* Release */,
			);
			defaultConfigurationIsVisible = 0;
			defaultConfigurationName = Release;
		};
		0A0BE27C1F7361EA005AFCC5 /* Build configuration list for PBXNativeTarget "flowerTable" */ = {
			isa = XCConfigurationList;
			buildConfigurations = (
				0A0BE27D1F7361EA005AFCC5 /* Debug */,
				0A0BE27E1F7361EA005AFCC5 /* Release */,
			);
			defaultConfigurationIsVisible = 0;
			defaultConfigurationName = Release;
		};
/* End XCConfigurationList section */
	};
	rootObject = 0A0BE2621F7361E9005AFCC5 /* Project object */;
}
